// !$*UTF8*$!
{
	archiveVersion = 1;
	classes = {
	};
	objectVersion = 46;
	objects = {

/* Begin PBXBuildFile section */
		1662F4B81DD0255800BCF336 /* CoreLocation.framework in Frameworks */ = {isa = PBXBuildFile; fileRef = 1662F4B71DD0255800BCF336 /* CoreLocation.framework */; };
		1662F4E71DD169EC00BCF336 /* HistoryViewController.m in Sources */ = {isa = PBXBuildFile; fileRef = 1662F4E61DD169EC00BCF336 /* HistoryViewController.m */; };
		1662F4FA1DD1AA3200BCF336 /* CoreDataHelper.m in Sources */ = {isa = PBXBuildFile; fileRef = 1662F4F91DD1AA3200BCF336 /* CoreDataHelper.m */; };
		16812BC81DCC167B005F1AA3 /* main.m in Sources */ = {isa = PBXBuildFile; fileRef = 16812BC71DCC167B005F1AA3 /* main.m */; };
		16812BCB1DCC167B005F1AA3 /* AppDelegate.m in Sources */ = {isa = PBXBuildFile; fileRef = 16812BCA1DCC167B005F1AA3 /* AppDelegate.m */; };
		16812BCE1DCC167B005F1AA3 /* ViewController.m in Sources */ = {isa = PBXBuildFile; fileRef = 16812BCD1DCC167B005F1AA3 /* ViewController.m */; };
		16812BD11DCC167B005F1AA3 /* Main.storyboard in Resources */ = {isa = PBXBuildFile; fileRef = 16812BCF1DCC167B005F1AA3 /* Main.storyboard */; };
		16812BD41DCC167B005F1AA3 /* StashSocial.xcdatamodeld in Sources */ = {isa = PBXBuildFile; fileRef = 16812BD21DCC167B005F1AA3 /* StashSocial.xcdatamodeld */; };
		16812BD61DCC167B005F1AA3 /* Assets.xcassets in Resources */ = {isa = PBXBuildFile; fileRef = 16812BD51DCC167B005F1AA3 /* Assets.xcassets */; };
		16812BD91DCC167B005F1AA3 /* LaunchScreen.storyboard in Resources */ = {isa = PBXBuildFile; fileRef = 16812BD71DCC167B005F1AA3 /* LaunchScreen.storyboard */; };
		F73D361380570A88BE990B9D /* Pods_StashSocial.framework in Frameworks */ = {isa = PBXBuildFile; fileRef = 4B4B8D090024D7BF29F65155 /* Pods_StashSocial.framework */; };
/* End PBXBuildFile section */

/* Begin PBXFileReference section */
		1662F4B71DD0255800BCF336 /* CoreLocation.framework */ = {isa = PBXFileReference; lastKnownFileType = wrapper.framework; name = CoreLocation.framework; path = System/Library/Frameworks/CoreLocation.framework; sourceTree = SDKROOT; };
		1662F4E51DD169EC00BCF336 /* HistoryViewController.h */ = {isa = PBXFileReference; fileEncoding = 4; lastKnownFileType = sourcecode.c.h; name = HistoryViewController.h; path = ContactPicker/HistoryViewController.h; sourceTree = "<group>"; };
		1662F4E61DD169EC00BCF336 /* HistoryViewController.m */ = {isa = PBXFileReference; fileEncoding = 4; lastKnownFileType = sourcecode.c.objc; name = HistoryViewController.m; path = ContactPicker/HistoryViewController.m; sourceTree = "<group>"; };
		1662F4F81DD1AA3200BCF336 /* CoreDataHelper.h */ = {isa = PBXFileReference; fileEncoding = 4; lastKnownFileType = sourcecode.c.h; path = CoreDataHelper.h; sourceTree = "<group>"; };
		1662F4F91DD1AA3200BCF336 /* CoreDataHelper.m */ = {isa = PBXFileReference; fileEncoding = 4; lastKnownFileType = sourcecode.c.objc; path = CoreDataHelper.m; sourceTree = "<group>"; };
		16812BC31DCC167B005F1AA3 /* StashSocial.app */ = {isa = PBXFileReference; explicitFileType = wrapper.application; includeInIndex = 0; path = StashSocial.app; sourceTree = BUILT_PRODUCTS_DIR; };
		16812BC71DCC167B005F1AA3 /* main.m */ = {isa = PBXFileReference; lastKnownFileType = sourcecode.c.objc; path = main.m; sourceTree = "<group>"; };
		16812BC91DCC167B005F1AA3 /* AppDelegate.h */ = {isa = PBXFileReference; lastKnownFileType = sourcecode.c.h; path = AppDelegate.h; sourceTree = "<group>"; };
		16812BCA1DCC167B005F1AA3 /* AppDelegate.m */ = {isa = PBXFileReference; lastKnownFileType = sourcecode.c.objc; path = AppDelegate.m; sourceTree = "<group>"; };
		16812BCC1DCC167B005F1AA3 /* ViewController.h */ = {isa = PBXFileReference; lastKnownFileType = sourcecode.c.h; path = ViewController.h; sourceTree = "<group>"; };
		16812BCD1DCC167B005F1AA3 /* ViewController.m */ = {isa = PBXFileReference; lastKnownFileType = sourcecode.c.objc; path = ViewController.m; sourceTree = "<group>"; };
		16812BD01DCC167B005F1AA3 /* Base */ = {isa = PBXFileReference; lastKnownFileType = file.storyboard; name = Base; path = Base.lproj/Main.storyboard; sourceTree = "<group>"; };
		16812BD31DCC167B005F1AA3 /* StashSocial.xcdatamodel */ = {isa = PBXFileReference; lastKnownFileType = wrapper.xcdatamodel; path = StashSocial.xcdatamodel; sourceTree = "<group>"; };
		16812BD51DCC167B005F1AA3 /* Assets.xcassets */ = {isa = PBXFileReference; lastKnownFileType = folder.assetcatalog; path = Assets.xcassets; sourceTree = "<group>"; };
		16812BD81DCC167B005F1AA3 /* Base */ = {isa = PBXFileReference; lastKnownFileType = file.storyboard; name = Base; path = Base.lproj/LaunchScreen.storyboard; sourceTree = "<group>"; };
		16812BDA1DCC167B005F1AA3 /* Info.plist */ = {isa = PBXFileReference; lastKnownFileType = text.plist.xml; path = Info.plist; sourceTree = "<group>"; };
		18D5CB2428E3C9EFE93847D2 /* Pods-StashSocial.debug.xcconfig */ = {isa = PBXFileReference; includeInIndex = 1; lastKnownFileType = text.xcconfig; name = "Pods-StashSocial.debug.xcconfig"; path = "Pods/Target Support Files/Pods-StashSocial/Pods-StashSocial.debug.xcconfig"; sourceTree = "<group>"; };
		4B4B8D090024D7BF29F65155 /* Pods_StashSocial.framework */ = {isa = PBXFileReference; explicitFileType = wrapper.framework; includeInIndex = 0; path = Pods_StashSocial.framework; sourceTree = BUILT_PRODUCTS_DIR; };
		BE2218E28E54C3EBE95E37FE /* Pods-StashSocial.release.xcconfig */ = {isa = PBXFileReference; includeInIndex = 1; lastKnownFileType = text.xcconfig; name = "Pods-StashSocial.release.xcconfig"; path = "Pods/Target Support Files/Pods-StashSocial/Pods-StashSocial.release.xcconfig"; sourceTree = "<group>"; };
/* End PBXFileReference section */

/* Begin PBXFrameworksBuildPhase section */
		16812BC01DCC167B005F1AA3 /* Frameworks */ = {
			isa = PBXFrameworksBuildPhase;
			buildActionMask = 2147483647;
			files = (
				1662F4B81DD0255800BCF336 /* CoreLocation.framework in Frameworks */,
				F73D361380570A88BE990B9D /* Pods_StashSocial.framework in Frameworks */,
			);
			runOnlyForDeploymentPostprocessing = 0;
		};
/* End PBXFrameworksBuildPhase section */

/* Begin PBXGroup section */
		10A674986E7B1E7E2B1E9345 /* Pods */ = {
			isa = PBXGroup;
			children = (
				18D5CB2428E3C9EFE93847D2 /* Pods-StashSocial.debug.xcconfig */,
				BE2218E28E54C3EBE95E37FE /* Pods-StashSocial.release.xcconfig */,
			);
			name = Pods;
			sourceTree = "<group>";
		};
		1662F4E81DD169F600BCF336 /* ContactPicker */ = {
			isa = PBXGroup;
			children = (
				1662F4E51DD169EC00BCF336 /* HistoryViewController.h */,
				1662F4E61DD169EC00BCF336 /* HistoryViewController.m */,
			);
			name = ContactPicker;
			sourceTree = "<group>";
		};
		1662F4E91DD16A0B00BCF336 /* Model */ = {
			isa = PBXGroup;
			children = (
				16812BD21DCC167B005F1AA3 /* StashSocial.xcdatamodeld */,
			);
			name = Model;
			sourceTree = "<group>";
		};
		1662F4EA1DD16A1800BCF336 /* Controller */ = {
			isa = PBXGroup;
			children = (
				16812BCC1DCC167B005F1AA3 /* ViewController.h */,
				16812BCD1DCC167B005F1AA3 /* ViewController.m */,
			);
			name = Controller;
			sourceTree = "<group>";
		};
		1662F4EB1DD16A3000BCF336 /* View */ = {
			isa = PBXGroup;
			children = (
				16812BCF1DCC167B005F1AA3 /* Main.storyboard */,
				16812BD71DCC167B005F1AA3 /* LaunchScreen.storyboard */,
			);
			name = View;
			sourceTree = "<group>";
		};
		1662F4FB1DD1AA4A00BCF336 /* Utility */ = {
			isa = PBXGroup;
			children = (
				1662F4F81DD1AA3200BCF336 /* CoreDataHelper.h */,
				1662F4F91DD1AA3200BCF336 /* CoreDataHelper.m */,
			);
			name = Utility;
			sourceTree = "<group>";
		};
		16812BBA1DCC167B005F1AA3 = {
			isa = PBXGroup;
			children = (
				16812BC51DCC167B005F1AA3 /* StashSocial */,
				16812BC41DCC167B005F1AA3 /* Products */,
				10A674986E7B1E7E2B1E9345 /* Pods */,
				23AAFB4F1E23F2D310A51F74 /* Frameworks */,
			);
			sourceTree = "<group>";
		};
		16812BC41DCC167B005F1AA3 /* Products */ = {
			isa = PBXGroup;
			children = (
				16812BC31DCC167B005F1AA3 /* StashSocial.app */,
			);
			name = Products;
			sourceTree = "<group>";
		};
		16812BC51DCC167B005F1AA3 /* StashSocial */ = {
			isa = PBXGroup;
			children = (
				1662F4FB1DD1AA4A00BCF336 /* Utility */,
				16812BD51DCC167B005F1AA3 /* Assets.xcassets */,
				1662F4EB1DD16A3000BCF336 /* View */,
				1662F4E91DD16A0B00BCF336 /* Model */,
				1662F4E81DD169F600BCF336 /* ContactPicker */,
				16812BC91DCC167B005F1AA3 /* AppDelegate.h */,
				16812BCA1DCC167B005F1AA3 /* AppDelegate.m */,
				1662F4EA1DD16A1800BCF336 /* Controller */,
				16812BDA1DCC167B005F1AA3 /* Info.plist */,
				16812BC61DCC167B005F1AA3 /* Supporting Files */,
			);
			path = StashSocial;
			sourceTree = "<group>";
		};
		16812BC61DCC167B005F1AA3 /* Supporting Files */ = {
			isa = PBXGroup;
			children = (
				16812BC71DCC167B005F1AA3 /* main.m */,
			);
			name = "Supporting Files";
			sourceTree = "<group>";
		};
		23AAFB4F1E23F2D310A51F74 /* Frameworks */ = {
			isa = PBXGroup;
			children = (
				1662F4B71DD0255800BCF336 /* CoreLocation.framework */,
				4B4B8D090024D7BF29F65155 /* Pods_StashSocial.framework */,
			);
			name = Frameworks;
			sourceTree = "<group>";
		};
/* End PBXGroup section */

/* Begin PBXNativeTarget section */
		16812BC21DCC167B005F1AA3 /* StashSocial */ = {
			isa = PBXNativeTarget;
			buildConfigurationList = 16812BDD1DCC167B005F1AA3 /* Build configuration list for PBXNativeTarget "StashSocial" */;
			buildPhases = (
				BDF69E5A30E5F86AA7E0D77F /* [CP] Check Pods Manifest.lock */,
				16812BBF1DCC167B005F1AA3 /* Sources */,
				16812BC01DCC167B005F1AA3 /* Frameworks */,
				16812BC11DCC167B005F1AA3 /* Resources */,
				10584013934FA0AD0E50632B /* [CP] Embed Pods Frameworks */,
				0B7AFBFE691323E0C9EDBD91 /* [CP] Copy Pods Resources */,
			);
			buildRules = (
			);
			dependencies = (
			);
			name = StashSocial;
			productName = StashSocial;
			productReference = 16812BC31DCC167B005F1AA3 /* StashSocial.app */;
			productType = "com.apple.product-type.application";
		};
/* End PBXNativeTarget section */

/* Begin PBXProject section */
		16812BBB1DCC167B005F1AA3 /* Project object */ = {
			isa = PBXProject;
			attributes = {
				LastUpgradeCheck = 0810;
				ORGANIZATIONNAME = "AutoKrat Labs";
				TargetAttributes = {
					16812BC21DCC167B005F1AA3 = {
						CreatedOnToolsVersion = 8.1;
						DevelopmentTeam = TN6HL26EU6;
						ProvisioningStyle = Automatic;
					};
				};
			};
			buildConfigurationList = 16812BBE1DCC167B005F1AA3 /* Build configuration list for PBXProject "StashSocial" */;
			compatibilityVersion = "Xcode 3.2";
			developmentRegion = English;
			hasScannedForEncodings = 0;
			knownRegions = (
				en,
				Base,
			);
			mainGroup = 16812BBA1DCC167B005F1AA3;
			productRefGroup = 16812BC41DCC167B005F1AA3 /* Products */;
			projectDirPath = "";
			projectRoot = "";
			targets = (
				16812BC21DCC167B005F1AA3 /* StashSocial */,
			);
		};
/* End PBXProject section */

/* Begin PBXResourcesBuildPhase section */
		16812BC11DCC167B005F1AA3 /* Resources */ = {
			isa = PBXResourcesBuildPhase;
			buildActionMask = 2147483647;
			files = (
				16812BD91DCC167B005F1AA3 /* LaunchScreen.storyboard in Resources */,
				16812BD61DCC167B005F1AA3 /* Assets.xcassets in Resources */,
				16812BD11DCC167B005F1AA3 /* Main.storyboard in Resources */,
			);
			runOnlyForDeploymentPostprocessing = 0;
		};
/* End PBXResourcesBuildPhase section */

/* Begin PBXShellScriptBuildPhase section */
		0B7AFBFE691323E0C9EDBD91 /* [CP] Copy Pods Resources */ = {
			isa = PBXShellScriptBuildPhase;
			buildActionMask = 2147483647;
			files = (
			);
			inputPaths = (
			);
			name = "[CP] Copy Pods Resources";
			outputPaths = (
			);
			runOnlyForDeploymentPostprocessing = 0;
			shellPath = /bin/sh;
			shellScript = "\"${SRCROOT}/Pods/Target Support Files/Pods-StashSocial/Pods-StashSocial-resources.sh\"\n";
			showEnvVarsInLog = 0;
		};
		10584013934FA0AD0E50632B /* [CP] Embed Pods Frameworks */ = {
			isa = PBXShellScriptBuildPhase;
			buildActionMask = 2147483647;
			files = (
			);
			inputPaths = (
			);
			name = "[CP] Embed Pods Frameworks";
			outputPaths = (
			);
			runOnlyForDeploymentPostprocessing = 0;
			shellPath = /bin/sh;
			shellScript = "\"${SRCROOT}/Pods/Target Support Files/Pods-StashSocial/Pods-StashSocial-frameworks.sh\"\n";
			showEnvVarsInLog = 0;
		};
		BDF69E5A30E5F86AA7E0D77F /* [CP] Check Pods Manifest.lock */ = {
			isa = PBXShellScriptBuildPhase;
			buildActionMask = 2147483647;
			files = (
			);
			inputPaths = (
			);
			name = "[CP] Check Pods Manifest.lock";
			outputPaths = (
			);
			runOnlyForDeploymentPostprocessing = 0;
			shellPath = /bin/sh;
			shellScript = "diff \"${PODS_ROOT}/../Podfile.lock\" \"${PODS_ROOT}/Manifest.lock\" > /dev/null\nif [ $? != 0 ] ; then\n    # print error to STDERR\n    echo \"error: The sandbox is not in sync with the Podfile.lock. Run 'pod install' or update your CocoaPods installation.\" >&2\n    exit 1\nfi\n";
			showEnvVarsInLog = 0;
		};
/* End PBXShellScriptBuildPhase section */

/* Begin PBXSourcesBuildPhase section */
		16812BBF1DCC167B005F1AA3 /* Sources */ = {
			isa = PBXSourcesBuildPhase;
			buildActionMask = 2147483647;
			files = (
				16812BCE1DCC167B005F1AA3 /* ViewController.m in Sources */,
				16812BCB1DCC167B005F1AA3 /* AppDelegate.m in Sources */,
				16812BD41DCC167B005F1AA3 /* StashSocial.xcdatamodeld in Sources */,
				16812BC81DCC167B005F1AA3 /* main.m in Sources */,
				1662F4FA1DD1AA3200BCF336 /* CoreDataHelper.m in Sources */,
				1662F4E71DD169EC00BCF336 /* HistoryViewController.m in Sources */,
			);
			runOnlyForDeploymentPostprocessing = 0;
		};
/* End PBXSourcesBuildPhase section */

/* Begin PBXVariantGroup section */
		16812BCF1DCC167B005F1AA3 /* Main.storyboard */ = {
			isa = PBXVariantGroup;
			children = (
				16812BD01DCC167B005F1AA3 /* Base */,
			);
			name = Main.storyboard;
			sourceTree = "<group>";
		};
		16812BD71DCC167B005F1AA3 /* LaunchScreen.storyboard */ = {
			isa = PBXVariantGroup;
			children = (
				16812BD81DCC167B005F1AA3 /* Base */,
			);
			name = LaunchScreen.storyboard;
			sourceTree = "<group>";
		};
/* End PBXVariantGroup section */

/* Begin XCBuildConfiguration section */
		16812BDB1DCC167B005F1AA3 /* Debug */ = {
			isa = XCBuildConfiguration;
			buildSettings = {
				ALWAYS_SEARCH_USER_PATHS = NO;
				CLANG_ANALYZER_NONNULL = YES;
				CLANG_CXX_LANGUAGE_STANDARD = "gnu++0x";
				CLANG_CXX_LIBRARY = "libc++";
				CLANG_ENABLE_MODULES = YES;
				CLANG_ENABLE_OBJC_ARC = YES;
				CLANG_WARN_BOOL_CONVERSION = YES;
				CLANG_WARN_CONSTANT_CONVERSION = YES;
				CLANG_WARN_DIRECT_OBJC_ISA_USAGE = YES_ERROR;
				CLANG_WARN_DOCUMENTATION_COMMENTS = YES;
				CLANG_WARN_EMPTY_BODY = YES;
				CLANG_WARN_ENUM_CONVERSION = YES;
				CLANG_WARN_INFINITE_RECURSION = YES;
				CLANG_WARN_INT_CONVERSION = YES;
				CLANG_WARN_OBJC_ROOT_CLASS = YES_ERROR;
				CLANG_WARN_SUSPICIOUS_MOVES = YES;
				CLANG_WARN_UNREACHABLE_CODE = YES;
				CLANG_WARN__DUPLICATE_METHOD_MATCH = YES;
				"CODE_SIGN_IDENTITY[sdk=iphoneos*]" = "iPhone Developer";
				COPY_PHASE_STRIP = NO;
				DEBUG_INFORMATION_FORMAT = dwarf;
				ENABLE_STRICT_OBJC_MSGSEND = YES;
				ENABLE_TESTABILITY = YES;
				GCC_C_LANGUAGE_STANDARD = gnu99;
				GCC_DYNAMIC_NO_PIC = NO;
				GCC_NO_COMMON_BLOCKS = YES;
				GCC_OPTIMIZATION_LEVEL = 0;
				GCC_PREPROCESSOR_DEFINITIONS = (
					"DEBUG=1",
					"$(inherited)",
				);
				GCC_WARN_64_TO_32_BIT_CONVERSION = YES;
				GCC_WARN_ABOUT_RETURN_TYPE = YES_ERROR;
				GCC_WARN_UNDECLARED_SELECTOR = YES;
				GCC_WARN_UNINITIALIZED_AUTOS = YES_AGGRESSIVE;
				GCC_WARN_UNUSED_FUNCTION = YES;
				GCC_WARN_UNUSED_VARIABLE = YES;
				IPHONEOS_DEPLOYMENT_TARGET = 10.1;
				MTL_ENABLE_DEBUG_INFO = YES;
				ONLY_ACTIVE_ARCH = YES;
				SDKROOT = iphoneos;
				TARGETED_DEVICE_FAMILY = "1,2";
			};
			name = Debug;
		};
		16812BDC1DCC167B005F1AA3 /* Release */ = {
			isa = XCBuildConfiguration;
			buildSettings = {
				ALWAYS_SEARCH_USER_PATHS = NO;
				CLANG_ANALYZER_NONNULL = YES;
				CLANG_CXX_LANGUAGE_STANDARD = "gnu++0x";
				CLANG_CXX_LIBRARY = "libc++";
				CLANG_ENABLE_MODULES = YES;
				CLANG_ENABLE_OBJC_ARC = YES;
				CLANG_WARN_BOOL_CONVERSION = YES;
				CLANG_WARN_CONSTANT_CONVERSION = YES;
				CLANG_WARN_DIRECT_OBJC_ISA_USAGE = YES_ERROR;
				CLANG_WARN_DOCUMENTATION_COMMENTS = YES;
				CLANG_WARN_EMPTY_BODY = YES;
				CLANG_WARN_ENUM_CONVERSION = YES;
				CLANG_WARN_INFINITE_RECURSION = YES;
				CLANG_WARN_INT_CONVERSION = YES;
				CLANG_WARN_OBJC_ROOT_CLASS = YES_ERROR;
				CLANG_WARN_SUSPICIOUS_MOVES = YES;
				CLANG_WARN_UNREACHABLE_CODE = YES;
				CLANG_WARN__DUPLICATE_METHOD_MATCH = YES;
				"CODE_SIGN_IDENTITY[sdk=iphoneos*]" = "iPhone Developer";
				COPY_PHASE_STRIP = NO;
				DEBUG_INFORMATION_FORMAT = "dwarf-with-dsym";
				ENABLE_NS_ASSERTIONS = NO;
				ENABLE_STRICT_OBJC_MSGSEND = YES;
				GCC_C_LANGUAGE_STANDARD = gnu99;
				GCC_NO_COMMON_BLOCKS = YES;
				GCC_WARN_64_TO_32_BIT_CONVERSION = YES;
				GCC_WARN_ABOUT_RETURN_TYPE = YES_ERROR;
				GCC_WARN_UNDECLARED_SELECTOR = YES;
				GCC_WARN_UNINITIALIZED_AUTOS = YES_AGGRESSIVE;
				GCC_WARN_UNUSED_FUNCTION = YES;
				GCC_WARN_UNUSED_VARIABLE = YES;
				IPHONEOS_DEPLOYMENT_TARGET = 10.1;
				MTL_ENABLE_DEBUG_INFO = NO;
				SDKROOT = iphoneos;
				TARGETED_DEVICE_FAMILY = "1,2";
				VALIDATE_PRODUCT = YES;
			};
			name = Release;
		};
		16812BDE1DCC167B005F1AA3 /* Debug */ = {
			isa = XCBuildConfiguration;
			baseConfigurationReference = 18D5CB2428E3C9EFE93847D2 /* Pods-StashSocial.debug.xcconfig */;
			buildSettings = {
				ASSETCATALOG_COMPILER_APPICON_NAME = AppIcon;
				DEVELOPMENT_TEAM = TN6HL26EU6;
				INFOPLIST_FILE = StashSocial/Info.plist;
				IPHONEOS_DEPLOYMENT_TARGET = 9.3;
				LD_RUNPATH_SEARCH_PATHS = "$(inherited) @executable_path/Frameworks";
				PRODUCT_BUNDLE_IDENTIFIER = com.autokrat.StashSocial;
				PRODUCT_NAME = "$(TARGET_NAME)";
			};
			name = Debug;
		};
		16812BDF1DCC167B005F1AA3 /* Release */ = {
			isa = XCBuildConfiguration;
			baseConfigurationReference = BE2218E28E54C3EBE95E37FE /* Pods-StashSocial.release.xcconfig */;
			buildSettings = {
				ASSETCATALOG_COMPILER_APPICON_NAME = AppIcon;
				DEVELOPMENT_TEAM = TN6HL26EU6;
				INFOPLIST_FILE = StashSocial/Info.plist;
				IPHONEOS_DEPLOYMENT_TARGET = 9.3;
				LD_RUNPATH_SEARCH_PATHS = "$(inherited) @executable_path/Frameworks";
				PRODUCT_BUNDLE_IDENTIFIER = com.autokrat.StashSocial;
				PRODUCT_NAME = "$(TARGET_NAME)";
			};
			name = Release;
		};
/* End XCBuildConfiguration section */

/* Begin XCConfigurationList section */
		16812BBE1DCC167B005F1AA3 /* Build configuration list for PBXProject "StashSocial" */ = {
			isa = XCConfigurationList;
			buildConfigurations = (
				16812BDB1DCC167B005F1AA3 /* Debug */,
				16812BDC1DCC167B005F1AA3 /* Release */,
			);
			defaultConfigurationIsVisible = 0;
			defaultConfigurationName = Release;
		};
		16812BDD1DCC167B005F1AA3 /* Build configuration list for PBXNativeTarget "StashSocial" */ = {
			isa = XCConfigurationList;
			buildConfigurations = (
				16812BDE1DCC167B005F1AA3 /* Debug */,
				16812BDF1DCC167B005F1AA3 /* Release */,
			);
			defaultConfigurationIsVisible = 0;
			defaultConfigurationName = Release;
		};
/* End XCConfigurationList section */

/* Begin XCVersionGroup section */
		16812BD21DCC167B005F1AA3 /* StashSocial.xcdatamodeld */ = {
			isa = XCVersionGroup;
			children = (
				16812BD31DCC167B005F1AA3 /* StashSocial.xcdatamodel */,
			);
			currentVersion = 16812BD31DCC167B005F1AA3 /* StashSocial.xcdatamodel */;
			path = StashSocial.xcdatamodeld;
			sourceTree = "<group>";
			versionGroupType = wrapper.xcdatamodel;
		};
/* End XCVersionGroup section */
	};
	rootObject = 16812BBB1DCC167B005F1AA3 /* Project object */;
}
